
Microsoft Visual Studio Solution File, Format Version 12.00
# Visual Studio Version 17
VisualStudioVersion = 17.11.35327.3
MinimumVisualStudioVersion = 10.0.40219.1
Project("{FAE04EC0-301F-11D3-BF4B-00C04F79EFBC}") = "ASSIGNMENT 3_1_5", "ASSIGNMENT 3_1_5.csproj", "{F73C55E8-0157-4312-B784-245109F05D59}"
EndProject
Global
	GlobalSection(SolutionConfigurationPlatforms) = preSolution
		Debug|Any CPU = Debug|Any CPU
		Release|Any CPU = Release|Any CPU
	EndGlobalSection
	GlobalSection(ProjectConfigurationPlatforms) = postSolution
		{F73C55E8-0157-4312-B784-245109F05D59}.Debug|Any CPU.ActiveCfg = Debug|Any CPU
		{F73C55E8-0157-4312-B784-245109F05D59}.Debug|Any CPU.Build.0 = Debug|Any CPU
		{F73C55E8-0157-4312-B784-245109F05D59}.Release|Any CPU.ActiveCfg = Release|Any CPU
		{F73C55E8-0157-4312-B784-245109F05D59}.Release|Any CPU.Build.0 = Release|Any CPU
	EndGlobalSection
	GlobalSection(SolutionProperties) = preSolution
		HideSolutionNode = FALSE
	EndGlobalSection
	GlobalSection(ExtensibilityGlobals) = postSolution
		SolutionGuid = {D70BC4E7-2BB6-426B-823D-F23FE8927C11}
	EndGlobalSection
EndGlobal
